{
  "name": "battleship",
  "version": "1.0.0",
  "lockfileVersion": 2,
  "requires": true,
  "packages": {
    "": {
      "version": "1.0.0",
      "license": "ISC",
      "dependencies": {
        "@rbxts/knit": "^0.0.13-alpha.3",
        "@rbxts/services": "^1.1.2"
      },
      "devDependencies": {
        "@rbxts/compiler-types": "^1.0.0-types.0",
        "@rbxts/types": "^1.0.460"
      }
    },
    "node_modules/@rbxts/compiler-types": {
      "version": "1.0.0-types.0",
      "resolved": "https://registry.npmjs.org/@rbxts/compiler-types/-/compiler-types-1.0.0-types.0.tgz",
      "integrity": "sha512-DMYByLmapF5T04l1Jmg71BZNmR8sFhDt/aq9aV9X8JjnQimnCCBFK+FzdHh9Nx40D/o+k9vYn5aS58g8kISlYQ==",
      "dev": true
    },
    "node_modules/@rbxts/knit": {
      "version": "0.0.13-alpha.3",
      "resolved": "https://registry.npmjs.org/@rbxts/knit/-/knit-0.0.13-alpha.3.tgz",
      "integrity": "sha512-RrQYOKfWoOqPdReqBmoH7LsnQkbf4zHmm0+5jsczx84q94xo/7AXZIgAm0mzERKfN/ZdC8abIlQ9fSK6YTlW2Q=="
    },
    "node_modules/@rbxts/services": {
      "version": "1.1.2",
      "resolved": "https://registry.npmjs.org/@rbxts/services/-/services-1.1.2.tgz",
      "integrity": "sha512-vxlo00Q/F1Yq3yGa5jisI1lkWuByJzLs2rfidA4e0wkLCBR0Od+BG55TBMzptCVUZjHUSefif4Mtl3d3a6IxyA=="
    },
    "node_modules/@rbxts/types": {
      "version": "1.0.460",
      "resolved": "https://registry.npmjs.org/@rbxts/types/-/types-1.0.460.tgz",
      "integrity": "sha512-c3TR1Ok/NYuZkauekd1BZBFI0b4+EkHOmHvXBDIVc4ZIK4lkO2KqM50rKiDhv5/o1BzRud/lYyUipgh/pNoPqw==",
      "dev": true
    }
  },
  "dependencies": {
    "@rbxts/compiler-types": {
      "version": "1.0.0-types.0",
      "resolved": "https://registry.npmjs.org/@rbxts/compiler-types/-/compiler-types-1.0.0-types.0.tgz",
      "integrity": "sha512-DMYByLmapF5T04l1Jmg71BZNmR8sFhDt/aq9aV9X8JjnQimnCCBFK+FzdHh9Nx40D/o+k9vYn5aS58g8kISlYQ==",
      "dev": true
    },
    "@rbxts/knit": {
      "version": "0.0.13-alpha.3",
      "resolved": "https://registry.npmjs.org/@rbxts/knit/-/knit-0.0.13-alpha.3.tgz",
      "integrity": "sha512-RrQYOKfWoOqPdReqBmoH7LsnQkbf4zHmm0+5jsczx84q94xo/7AXZIgAm0mzERKfN/ZdC8abIlQ9fSK6YTlW2Q=="
    },
    "@rbxts/services": {
      "version": "1.1.2",
      "resolved": "https://registry.npmjs.org/@rbxts/services/-/services-1.1.2.tgz",
      "integrity": "sha512-vxlo00Q/F1Yq3yGa5jisI1lkWuByJzLs2rfidA4e0wkLCBR0Od+BG55TBMzptCVUZjHUSefif4Mtl3d3a6IxyA=="
    },
    "@rbxts/types": {
      "version": "1.0.460",
      "resolved": "https://registry.npmjs.org/@rbxts/types/-/types-1.0.460.tgz",
      "integrity": "sha512-c3TR1Ok/NYuZkauekd1BZBFI0b4+EkHOmHvXBDIVc4ZIK4lkO2KqM50rKiDhv5/o1BzRud/lYyUipgh/pNoPqw==",
      "dev": true
    }
  }
}
